
Microsoft Visual Studio Solution File, Format Version 12.00
# Visual Studio Version 17
VisualStudioVersion = 17.12.35527.113
MinimumVisualStudioVersion = 10.0.40219.1
Project("{FAE04EC0-301F-11D3-BF4B-00C04F79EFBC}") = "GooseTapBackend", "GooseTapBackend\GooseTapBackend.csproj", "{4524D50C-D240-43F5-81B1-87F00F38590D}"
EndProject
Project("{FAE04EC0-301F-11D3-BF4B-00C04F79EFBC}") = "Domain", "Domain\Domain.csproj", "{C0F2FC52-0EC7-4116-BE43-AC4564A0DBBD}"
EndProject
Project("{FAE04EC0-301F-11D3-BF4B-00C04F79EFBC}") = "AppBLL", "AppBLL\AppBLL.csproj", "{BC0CA2B4-9323-4386-B4A4-B4DC26059917}"
EndProject
Project("{FAE04EC0-301F-11D3-BF4B-00C04F79EFBC}") = "Infrastructure", "Infrastructure\Infrastructure.csproj", "{7158E5C3-8C97-4538-83B6-77E0795CB279}"
EndProject
Project("{FAE04EC0-301F-11D3-BF4B-00C04F79EFBC}") = "DAL", "DAL\DAL.csproj", "{784487D6-E2ED-4477-9B62-99F5C622AD91}"
EndProject
Global
	GlobalSection(SolutionConfigurationPlatforms) = preSolution
		Debug|Any CPU = Debug|Any CPU
		Release|Any CPU = Release|Any CPU
	EndGlobalSection
	GlobalSection(ProjectConfigurationPlatforms) = postSolution
		{4524D50C-D240-43F5-81B1-87F00F38590D}.Debug|Any CPU.ActiveCfg = Debug|Any CPU
		{4524D50C-D240-43F5-81B1-87F00F38590D}.Debug|Any CPU.Build.0 = Debug|Any CPU
		{4524D50C-D240-43F5-81B1-87F00F38590D}.Release|Any CPU.ActiveCfg = Release|Any CPU
		{4524D50C-D240-43F5-81B1-87F00F38590D}.Release|Any CPU.Build.0 = Release|Any CPU
		{C0F2FC52-0EC7-4116-BE43-AC4564A0DBBD}.Debug|Any CPU.ActiveCfg = Debug|Any CPU
		{C0F2FC52-0EC7-4116-BE43-AC4564A0DBBD}.Debug|Any CPU.Build.0 = Debug|Any CPU
		{C0F2FC52-0EC7-4116-BE43-AC4564A0DBBD}.Release|Any CPU.ActiveCfg = Release|Any CPU
		{C0F2FC52-0EC7-4116-BE43-AC4564A0DBBD}.Release|Any CPU.Build.0 = Release|Any CPU
		{BC0CA2B4-9323-4386-B4A4-B4DC26059917}.Debug|Any CPU.ActiveCfg = Debug|Any CPU
		{BC0CA2B4-9323-4386-B4A4-B4DC26059917}.Debug|Any CPU.Build.0 = Debug|Any CPU
		{BC0CA2B4-9323-4386-B4A4-B4DC26059917}.Release|Any CPU.ActiveCfg = Release|Any CPU
		{BC0CA2B4-9323-4386-B4A4-B4DC26059917}.Release|Any CPU.Build.0 = Release|Any CPU
		{7158E5C3-8C97-4538-83B6-77E0795CB279}.Debug|Any CPU.ActiveCfg = Debug|Any CPU
		{7158E5C3-8C97-4538-83B6-77E0795CB279}.Debug|Any CPU.Build.0 = Debug|Any CPU
		{7158E5C3-8C97-4538-83B6-77E0795CB279}.Release|Any CPU.ActiveCfg = Release|Any CPU
		{7158E5C3-8C97-4538-83B6-77E0795CB279}.Release|Any CPU.Build.0 = Release|Any CPU
		{784487D6-E2ED-4477-9B62-99F5C622AD91}.Debug|Any CPU.ActiveCfg = Debug|Any CPU
		{784487D6-E2ED-4477-9B62-99F5C622AD91}.Debug|Any CPU.Build.0 = Debug|Any CPU
		{784487D6-E2ED-4477-9B62-99F5C622AD91}.Release|Any CPU.ActiveCfg = Release|Any CPU
		{784487D6-E2ED-4477-9B62-99F5C622AD91}.Release|Any CPU.Build.0 = Release|Any CPU
	EndGlobalSection
	GlobalSection(SolutionProperties) = preSolution
		HideSolutionNode = FALSE
	EndGlobalSection
EndGlobal
