
Microsoft Visual Studio Solution File, Format Version 12.00
# Visual Studio Version 17
VisualStudioVersion = 17.0.31903.59
MinimumVisualStudioVersion = 10.0.40219.1
Project("{FAE04EC0-301F-11D3-BF4B-00C04F79EFBC}") = "SSC.GooseTap.Api", "SSC.GooseTap.Api\SSC.GooseTap.Api.csproj", "{90306EEC-345E-4496-907E-27CF648A959E}"
EndProject
Project("{FAE04EC0-301F-11D3-BF4B-00C04F79EFBC}") = "SSC.GooseTap.Business", "SSC.GooseTap.Business\SSC.GooseTap.Business.csproj", "{6E07383D-3D04-43AF-B321-AB45A6E9C111}"
EndProject
Project("{FAE04EC0-301F-11D3-BF4B-00C04F79EFBC}") = "SSC.GooseTap.Domain", "SSC.GooseTap.Domain\SSC.GooseTap.Domain.csproj", "{F84BE492-6737-4A92-A132-CF2110F42F32}"
EndProject
Project("{FAE04EC0-301F-11D3-BF4B-00C04F79EFBC}") = "SSC.GooseTap.Infrastructure", "SSC.GooseTap.Infrastructure\SSC.GooseTap.Infrastructure.csproj", "{2074B37D-2649-4086-997A-69149CEA65C4}"
EndProject
Project("{FAE04EC0-301F-11D3-BF4B-00C04F79EFBC}") = "SSC.GooseTap.DataAccess", "SSC.GooseTap.DataAccess\SSC.GooseTap.DataAccess.csproj", "{DB82E8FB-32D9-426E-ABCF-DB9BC400CDED}"
EndProject
Project("{2150E333-8FDC-42A3-9474-1A3956D46DE8}") = "Business", "Business", "{0A91D594-948F-4F9A-BDE9-40F76D0AF5F7}"
EndProject
Project("{2150E333-8FDC-42A3-9474-1A3956D46DE8}") = "Application", "Application", "{BF26A44B-3C05-4526-9861-14AB0818933B}"
EndProject
Project("{2150E333-8FDC-42A3-9474-1A3956D46DE8}") = "Core", "Core", "{2F418975-AADA-478C-97D9-248EE61E3BED}"
EndProject
Project("{FAE04EC0-301F-11D3-BF4B-00C04F79EFBC}") = "SSC.GooseTap.Business.Tests", "SSC.GooseTap.Business.Tests\SSC.GooseTap.Business.Tests.csproj", "{238844AB-AC10-432B-859F-EAC12BDD4763}"
EndProject
Global
	GlobalSection(SolutionConfigurationPlatforms) = preSolution
		Debug|Any CPU = Debug|Any CPU
		Release|Any CPU = Release|Any CPU
	EndGlobalSection
	GlobalSection(ProjectConfigurationPlatforms) = postSolution
		{90306EEC-345E-4496-907E-27CF648A959E}.Debug|Any CPU.ActiveCfg = Debug|Any CPU
		{90306EEC-345E-4496-907E-27CF648A959E}.Debug|Any CPU.Build.0 = Debug|Any CPU
		{90306EEC-345E-4496-907E-27CF648A959E}.Release|Any CPU.ActiveCfg = Release|Any CPU
		{90306EEC-345E-4496-907E-27CF648A959E}.Release|Any CPU.Build.0 = Release|Any CPU
		{6E07383D-3D04-43AF-B321-AB45A6E9C111}.Debug|Any CPU.ActiveCfg = Debug|Any CPU
		{6E07383D-3D04-43AF-B321-AB45A6E9C111}.Debug|Any CPU.Build.0 = Debug|Any CPU
		{6E07383D-3D04-43AF-B321-AB45A6E9C111}.Release|Any CPU.ActiveCfg = Release|Any CPU
		{6E07383D-3D04-43AF-B321-AB45A6E9C111}.Release|Any CPU.Build.0 = Release|Any CPU
		{F84BE492-6737-4A92-A132-CF2110F42F32}.Debug|Any CPU.ActiveCfg = Debug|Any CPU
		{F84BE492-6737-4A92-A132-CF2110F42F32}.Debug|Any CPU.Build.0 = Debug|Any CPU
		{F84BE492-6737-4A92-A132-CF2110F42F32}.Release|Any CPU.ActiveCfg = Release|Any CPU
		{F84BE492-6737-4A92-A132-CF2110F42F32}.Release|Any CPU.Build.0 = Release|Any CPU
		{2074B37D-2649-4086-997A-69149CEA65C4}.Debug|Any CPU.ActiveCfg = Debug|Any CPU
		{2074B37D-2649-4086-997A-69149CEA65C4}.Debug|Any CPU.Build.0 = Debug|Any CPU
		{2074B37D-2649-4086-997A-69149CEA65C4}.Release|Any CPU.ActiveCfg = Release|Any CPU
		{2074B37D-2649-4086-997A-69149CEA65C4}.Release|Any CPU.Build.0 = Release|Any CPU
		{DB82E8FB-32D9-426E-ABCF-DB9BC400CDED}.Debug|Any CPU.ActiveCfg = Debug|Any CPU
		{DB82E8FB-32D9-426E-ABCF-DB9BC400CDED}.Debug|Any CPU.Build.0 = Debug|Any CPU
		{DB82E8FB-32D9-426E-ABCF-DB9BC400CDED}.Release|Any CPU.ActiveCfg = Release|Any CPU
		{DB82E8FB-32D9-426E-ABCF-DB9BC400CDED}.Release|Any CPU.Build.0 = Release|Any CPU
		{238844AB-AC10-432B-859F-EAC12BDD4763}.Debug|Any CPU.ActiveCfg = Debug|Any CPU
		{238844AB-AC10-432B-859F-EAC12BDD4763}.Debug|Any CPU.Build.0 = Debug|Any CPU
		{238844AB-AC10-432B-859F-EAC12BDD4763}.Release|Any CPU.ActiveCfg = Release|Any CPU
		{238844AB-AC10-432B-859F-EAC12BDD4763}.Release|Any CPU.Build.0 = Release|Any CPU
	EndGlobalSection
	GlobalSection(SolutionProperties) = preSolution
		HideSolutionNode = FALSE
	EndGlobalSection
	GlobalSection(NestedProjects) = preSolution
		{6E07383D-3D04-43AF-B321-AB45A6E9C111} = {0A91D594-948F-4F9A-BDE9-40F76D0AF5F7}
		{238844AB-AC10-432B-859F-EAC12BDD4763} = {0A91D594-948F-4F9A-BDE9-40F76D0AF5F7}
		{2074B37D-2649-4086-997A-69149CEA65C4} = {BF26A44B-3C05-4526-9861-14AB0818933B}
		{DB82E8FB-32D9-426E-ABCF-DB9BC400CDED} = {2F418975-AADA-478C-97D9-248EE61E3BED}
		{F84BE492-6737-4A92-A132-CF2110F42F32} = {2F418975-AADA-478C-97D9-248EE61E3BED}
		{90306EEC-345E-4496-907E-27CF648A959E} = {BF26A44B-3C05-4526-9861-14AB0818933B}
	EndGlobalSection
EndGlobal
